{
  "version": 4,
  "terraform_version": "1.0.4",
  "serial": 18,
  "lineage": "56b0dc0f-db3e-435e-6be6-52c6666e95a3",
  "outputs": {},
  "resources": [
    {
      "mode": "managed",
      "type": "aws_instance",
      "name": "app_server",
      "provider": "provider[\"registry.terraform.io/hashicorp/aws\"]",
      "instances": [
        {
          "schema_version": 1,
          "attributes": {
            "ami": "ami-047e03b8591f2d48a",
            "arn": "arn:aws:ec2:eu-central-1:863651421741:instance/i-027bf32c44bcfe1c0",
            "associate_public_ip_address": true,
            "availability_zone": "eu-central-1b",
            "capacity_reservation_specification": [
              {
                "capacity_reservation_preference": "open",
                "capacity_reservation_target": []
              }
            ],
            "cpu_core_count": 1,
            "cpu_threads_per_core": 1,
            "credit_specification": [
              {
                "cpu_credits": "standard"
              }
            ],
            "disable_api_termination": false,
            "ebs_block_device": [],
            "ebs_optimized": false,
            "enclave_options": [
              {
                "enabled": false
              }
            ],
            "ephemeral_block_device": [],
            "get_password_data": false,
            "hibernation": false,
            "host_id": null,
            "iam_instance_profile": "",
            "id": "i-027bf32c44bcfe1c0",
            "instance_initiated_shutdown_behavior": "stop",
            "instance_state": "running",
            "instance_type": "t2.micro",
            "ipv6_address_count": 0,
            "ipv6_addresses": [],
            "key_name": "ec2-deployer-key-pair",
            "launch_template": [],
            "metadata_options": [
              {
                "http_endpoint": "enabled",
                "http_put_response_hop_limit": 1,
                "http_tokens": "optional"
              }
            ],
            "monitoring": false,
            "network_interface": [],
            "outpost_arn": "",
            "password_data": "",
            "placement_group": "",
            "placement_partition_number": null,
            "primary_network_interface_id": "eni-098a2df2e25aeb796",
            "private_dns": "ip-172-31-36-253.eu-central-1.compute.internal",
            "private_ip": "172.31.36.253",
            "public_dns": "ec2-18-156-177-55.eu-central-1.compute.amazonaws.com",
            "public_ip": "18.156.177.55",
            "root_block_device": [
              {
                "delete_on_termination": true,
                "device_name": "/dev/xvda",
                "encrypted": false,
                "iops": 100,
                "kms_key_id": "",
                "tags": {},
                "throughput": 0,
                "volume_id": "vol-0cc0b268b362a2081",
                "volume_size": 8,
                "volume_type": "gp2"
              }
            ],
            "secondary_private_ips": [],
            "security_groups": [
              "default"
            ],
            "source_dest_check": true,
            "subnet_id": "subnet-3d722c40",
            "tags": {
              "Name": "New-Ec2-With-TerraformExtra-Something"
            },
            "tags_all": {
              "Name": "New-Ec2-With-TerraformExtra-Something"
            },
            "tenancy": "default",
            "timeouts": null,
            "user_data": null,
            "user_data_base64": null,
            "volume_tags": null,
            "vpc_security_group_ids": [
              "sg-0c875e33c80ef1e3d"
            ]
          },
          "sensitive_attributes": [],
          "private": "eyJlMmJmYjczMC1lY2FhLTExZTYtOGY4OC0zNDM2M2JjN2M0YzAiOnsiY3JlYXRlIjo2MDAwMDAwMDAwMDAsImRlbGV0ZSI6MTIwMDAwMDAwMDAwMCwidXBkYXRlIjo2MDAwMDAwMDAwMDB9LCJzY2hlbWFfdmVyc2lvbiI6IjEifQ==",
          "dependencies": [
            "aws_security_group.main"
          ]
        }
      ]
    },
    {
      "mode": "managed",
      "type": "aws_key_pair",
      "name": "deployer",
      "provider": "provider[\"registry.terraform.io/hashicorp/aws\"]",
      "instances": [
        {
          "schema_version": 1,
          "attributes": {
            "arn": "arn:aws:ec2:eu-central-1:863651421741:key-pair/ec2-deployer-key-pair",
            "fingerprint": "32:45:f9:34:db:83:df:0f:55:e9:f8:c8:5e:52:d8:d5",
            "id": "ec2-deployer-key-pair",
            "key_name": "ec2-deployer-key-pair",
            "key_name_prefix": null,
            "key_pair_id": "key-04cad5229e205321f",
            "public_key": "ssh-rsa AAAAB3NzaC1yc2EAAAADAQABAAABAQDPF+7PtG0oBFdYp2UFg1axGi9c/pzL57NJYdfJukcMfW5Nfv7Y1CzMk4MiNCL9VP04yt9VRz/2nzhYW2fRMlr4mkwYL8LJqTI0b5k42X/cO9q1CsBTC2z+tHriY1UtvsajCN51pXbe+AKgN5OYf84ixeCfs4lPNqs+nswn63uLrtGRbvxD7xoDuZcIhT8KRctMMeAKQbemCD97eC5pMkvuvslRFdmC2DXETvP46vd5Mo5edUB+8PqdTtM5vHpENPRYElueO6l1kZHO8HvBv4/veH+VlQkWW99PFjJjLWDbhpECb1S50+CFzH0GF+jkN91o4S6kch17ZJlPB1AGYcoL walidelsayedaly@me-2.local",
            "tags": {},
            "tags_all": {}
          },
          "sensitive_attributes": [],
          "private": "eyJzY2hlbWFfdmVyc2lvbiI6IjEifQ=="
        }
      ]
    },
    {
      "mode": "managed",
      "type": "aws_security_group",
      "name": "main",
      "provider": "provider[\"registry.terraform.io/hashicorp/aws\"]",
      "instances": [
        {
          "schema_version": 1,
          "attributes": {
            "arn": "arn:aws:ec2:eu-central-1:863651421741:security-group/sg-0c875e33c80ef1e3d",
            "description": "Managed by Terraform",
            "egress": [
              {
                "cidr_blocks": [
                  "0.0.0.0/0"
                ],
                "description": "",
                "from_port": 0,
                "ipv6_cidr_blocks": [],
                "prefix_list_ids": [],
                "protocol": "-1",
                "security_groups": [],
                "self": false,
                "to_port": 0
              }
            ],
            "id": "sg-0c875e33c80ef1e3d",
            "ingress": [
              {
                "cidr_blocks": [
                  "0.0.0.0/0"
                ],
                "description": "",
                "from_port": 22,
                "ipv6_cidr_blocks": [],
                "prefix_list_ids": [],
                "protocol": "tcp",
                "security_groups": [],
                "self": false,
                "to_port": 22
              }
            ],
            "name": "terraform-20211103160440976600000001",
            "name_prefix": "terraform-",
            "owner_id": "863651421741",
            "revoke_rules_on_delete": false,
            "tags": {},
            "tags_all": {},
            "timeouts": null,
            "vpc_id": "vpc-22ccf449"
          },
          "sensitive_attributes": [],
          "private": "eyJlMmJmYjczMC1lY2FhLTExZTYtOGY4OC0zNDM2M2JjN2M0YzAiOnsiY3JlYXRlIjo2MDAwMDAwMDAwMDAsImRlbGV0ZSI6OTAwMDAwMDAwMDAwfSwic2NoZW1hX3ZlcnNpb24iOiIxIn0="
        }
      ]
    }
  ]
}
